
Microsoft Visual Studio Solution File, Format Version 12.00
# Visual Studio Version 17
VisualStudioVersion = 17.8.34601.278
MinimumVisualStudioVersion = 10.0.40219.1
Project("{9A19103F-16F7-4668-BE54-9A1E7A4F7556}") = "Call of Duty FastFile Editor", "Call of Duty FastFile Editor\Call of Duty FastFile Editor.csproj", "{F6412FD6-9BE3-4EF3-B0F6-9DF3110C5A39}"
EndProject
Project("{9A19103F-16F7-4668-BE54-9A1E7A4F7556}") = "FastFileCompiler", "FastFileCompiler\FastFileCompiler.csproj", "{17A9F789-D77C-4275-8587-1A21A8F9932E}"
EndProject
Project("{9A19103F-16F7-4668-BE54-9A1E7A4F7556}") = "FastFileCompilerGUI", "FastFileCompilerGUI\FastFileCompilerGUI.csproj", "{C1C6E444-3C85-44BC-BD18-13E9B7E6F1BA}"
EndProject
Global
	GlobalSection(SolutionConfigurationPlatforms) = preSolution
		Debug|Any CPU = Debug|Any CPU
		Release|Any CPU = Release|Any CPU
	EndGlobalSection
	GlobalSection(ProjectConfigurationPlatforms) = postSolution
		{F6412FD6-9BE3-4EF3-B0F6-9DF3110C5A39}.Debug|Any CPU.ActiveCfg = Debug|Any CPU
		{F6412FD6-9BE3-4EF3-B0F6-9DF3110C5A39}.Debug|Any CPU.Build.0 = Debug|Any CPU
		{F6412FD6-9BE3-4EF3-B0F6-9DF3110C5A39}.Release|Any CPU.ActiveCfg = Release|Any CPU
		{F6412FD6-9BE3-4EF3-B0F6-9DF3110C5A39}.Release|Any CPU.Build.0 = Release|Any CPU
		{17A9F789-D77C-4275-8587-1A21A8F9932E}.Debug|Any CPU.ActiveCfg = Debug|Any CPU
		{17A9F789-D77C-4275-8587-1A21A8F9932E}.Debug|Any CPU.Build.0 = Debug|Any CPU
		{17A9F789-D77C-4275-8587-1A21A8F9932E}.Release|Any CPU.ActiveCfg = Release|Any CPU
		{17A9F789-D77C-4275-8587-1A21A8F9932E}.Release|Any CPU.Build.0 = Release|Any CPU
		{C1C6E444-3C85-44BC-BD18-13E9B7E6F1BA}.Debug|Any CPU.ActiveCfg = Debug|Any CPU
		{C1C6E444-3C85-44BC-BD18-13E9B7E6F1BA}.Debug|Any CPU.Build.0 = Debug|Any CPU
		{C1C6E444-3C85-44BC-BD18-13E9B7E6F1BA}.Release|Any CPU.ActiveCfg = Release|Any CPU
		{C1C6E444-3C85-44BC-BD18-13E9B7E6F1BA}.Release|Any CPU.Build.0 = Release|Any CPU
	EndGlobalSection
	GlobalSection(SolutionProperties) = preSolution
		HideSolutionNode = FALSE
	EndGlobalSection
	GlobalSection(ExtensibilityGlobals) = postSolution
		SolutionGuid = {196B8D6E-0046-4F00-9FB1-40C913D7B636}
	EndGlobalSection
EndGlobal
